# This file is automatically @generated by Poetry 2.1.2 and should not be changed by hand.

[[package]]
name = "ignr"
version = "2.2"
description = "Python command line client to download.gitignore templates from gitignore.io"
optional = false
python-versions = "*"
groups = ["main"]
files = [
    {file = "ignr-2.2-py3-none-any.whl", hash = "sha256:e8b6276aedab79b066d795e6e4b3f7b4c5668b68bf50a6c4fbf2b0cd17dda1db"},
    {file = "ignr-2.2.tar.gz", hash = "sha256:382a81be67a34538a11ff8ab69063419b388cc32f01b4ace599c3f1c06526df4"},
]

[metadata]
lock-version = "2.1"
python-versions = ">=3.13"
content-hash = "b66baf9cb3397a481e8720db7c1a4dd04a2e28d5a5bc0e039eef53e08d65643a"
